{
    "_readme": [
        "This file locks the dependencies of your project to a known state",
        "Read more about it at https://getcomposer.org/doc/01-basic-usage.md#installing-dependencies",
        "This file is @generated automatically"
    ],
    "content-hash": "bd78bd1f58b07ca28ada9de101b39a31",
    "packages": [
        {
            "name": "altorouter/altorouter",
            "version": "2.0.2",
            "source": {
                "type": "git",
                "url": "https://github.com/dannyvankooten/AltoRouter.git",
                "reference": "f6fede4f94ced7c22ba63a9b8af0bf2dc38e3cb2"
            },
            "dist": {
                "type": "zip",
                "url": "https://api.github.com/repos/dannyvankooten/AltoRouter/zipball/f6fede4f94ced7c22ba63a9b8af0bf2dc38e3cb2",
                "reference": "f6fede4f94ced7c22ba63a9b8af0bf2dc38e3cb2",
                "shasum": ""
            },
            "require": {
                "php": ">=5.6.0"
            },
            "require-dev": {
                "codeclimate/php-test-reporter": "dev-master",
                "phpunit/phpunit": "5.7.*",
                "squizlabs/php_codesniffer": "3.4.2"
            },
            "type": "library",
            "autoload": {
                "classmap": [
                    "AltoRouter.php"
                ]
            },
            "notification-url": "https://packagist.org/downloads/",
            "license": [
                "MIT"
            ],
            "authors": [
                {
                    "name": "Danny van Kooten",
                    "email": "dannyvankooten@gmail.com",
                    "homepage": "http://dannyvankooten.com/"
                },
                {
                    "name": "Koen Punt",
                    "homepage": "https://github.com/koenpunt"
                },
                {
                    "name": "niahoo",
                    "homepage": "https://github.com/niahoo"
                }
            ],
            "description": "A lightning fast router for PHP",
            "homepage": "https://github.com/dannyvankooten/AltoRouter",
            "keywords": [
                "lightweight",
                "router",
                "routing"
            ],
            "support": {
                "issues": "https://github.com/dannyvankooten/AltoRouter/issues",
                "source": "https://github.com/dannyvankooten/AltoRouter/tree/2.0.2"
            },
            "time": "2020-03-09T08:34:59+00:00"
        },
        {
            "name": "aura/autoload",
            "version": "2.0.4",
            "source": {
                "type": "git",
                "url": "https://github.com/auraphp/Aura.Autoload.git",
                "reference": "306a7f8d3cb58fb6f94bcff1dddf20c543f68668"
            },
            "dist": {
                "type": "zip",
                "url": "https://api.github.com/repos/auraphp/Aura.Autoload/zipball/306a7f8d3cb58fb6f94bcff1dddf20c543f68668",
                "reference": "306a7f8d3cb58fb6f94bcff1dddf20c543f68668",
                "shasum": ""
            },
            "require": {
                "php": ">=5.3.0"
            },
            "type": "library",
            "extra": {
                "aura": {
                    "type": "library"
                }
            },
            "autoload": {
                "psr-4": {
                    "Aura\\Autoload\\": "src/"
                }
            },
            "notification-url": "https://packagist.org/downloads/",
            "license": [
                "BSD-2-Clause"
            ],
            "authors": [
                {
                    "name": "Aura.Autoload Contributors",
                    "homepage": "https://github.com/auraphp/Aura.Autoload/contributors"
                }
            ],
            "description": "Provides a PSR-4 compliant autoloader implementation.",
            "homepage": "https://github.com/auraphp/Aura.Autoload",
            "keywords": [
                "PSR-4",
                "SPL autoloader",
                "autoload",
                "autoloader",
                "class loader"
            ],
            "support": {
                "issues": "https://github.com/auraphp/Aura.Autoload/issues",
                "source": "https://github.com/auraphp/Aura.Autoload/tree/2.x"
            },
            "time": "2016-10-03T19:36:19+00:00"
        }
    ],
    "packages-dev": [],
    "aliases": [],
    "minimum-stability": "stable",
    "stability-flags": [],
    "prefer-stable": false,
    "prefer-lowest": false,
    "platform": [],
    "platform-dev": [],
    "plugin-api-version": "2.3.0"
}
